// !$*UTF8*$!
{
	archiveVersion = 1;
	classes = {
	};
	objectVersion = 56;
	objects = {

/* Begin PBXBuildFile section */
		271550EB2AD58013006967C9 /* AppDelegate.swift in Sources */ = {isa = PBXBuildFile; fileRef = 271550EA2AD58013006967C9 /* AppDelegate.swift */; };
		271550ED2AD58013006967C9 /* SceneDelegate.swift in Sources */ = {isa = PBXBuildFile; fileRef = 271550EC2AD58013006967C9 /* SceneDelegate.swift */; };
		271550F42AD58014006967C9 /* Assets.xcassets in Resources */ = {isa = PBXBuildFile; fileRef = 271550F32AD58014006967C9 /* Assets.xcassets */; };
		271550F72AD58014006967C9 /* LaunchScreen.storyboard in Resources */ = {isa = PBXBuildFile; fileRef = 271550F52AD58014006967C9 /* LaunchScreen.storyboard */; };
		271551032AD5816B006967C9 /* CarMarketViewController.swift in Sources */ = {isa = PBXBuildFile; fileRef = 271551022AD5816B006967C9 /* CarMarketViewController.swift */; };
		271551062AD581B9006967C9 /* CarMarketplaceView.swift in Sources */ = {isa = PBXBuildFile; fileRef = 271551052AD581B9006967C9 /* CarMarketplaceView.swift */; };
		271551092AD58406006967C9 /* CarModel.swift in Sources */ = {isa = PBXBuildFile; fileRef = 271551082AD58406006967C9 /* CarModel.swift */; };
		2715510D2AD58D4A006967C9 /* CarsTableViewCell.swift in Sources */ = {isa = PBXBuildFile; fileRef = 2715510C2AD58D4A006967C9 /* CarsTableViewCell.swift */; };
		2715510F2AD5968F006967C9 /* CarDataSource.swift in Sources */ = {isa = PBXBuildFile; fileRef = 2715510E2AD5968F006967C9 /* CarDataSource.swift */; };
		271551142AD5AA79006967C9 /* BasketViewController.swift in Sources */ = {isa = PBXBuildFile; fileRef = 271551132AD5AA79006967C9 /* BasketViewController.swift */; };
		271551162AD5AAD3006967C9 /* BasketView.swift in Sources */ = {isa = PBXBuildFile; fileRef = 271551152AD5AAD3006967C9 /* BasketView.swift */; };
		271551192AD5B151006967C9 /* BasketHandler.swift in Sources */ = {isa = PBXBuildFile; fileRef = 271551182AD5B151006967C9 /* BasketHandler.swift */; };
/* End PBXBuildFile section */

/* Begin PBXFileReference section */
		271550E72AD58013006967C9 /* CarMarketplace.app */ = {isa = PBXFileReference; explicitFileType = wrapper.application; includeInIndex = 0; path = CarMarketplace.app; sourceTree = BUILT_PRODUCTS_DIR; };
		271550EA2AD58013006967C9 /* AppDelegate.swift */ = {isa = PBXFileReference; lastKnownFileType = sourcecode.swift; path = AppDelegate.swift; sourceTree = "<group>"; };
		271550EC2AD58013006967C9 /* SceneDelegate.swift */ = {isa = PBXFileReference; lastKnownFileType = sourcecode.swift; path = SceneDelegate.swift; sourceTree = "<group>"; };
		271550F32AD58014006967C9 /* Assets.xcassets */ = {isa = PBXFileReference; lastKnownFileType = folder.assetcatalog; path = Assets.xcassets; sourceTree = "<group>"; };
		271550F62AD58014006967C9 /* Base */ = {isa = PBXFileReference; lastKnownFileType = file.storyboard; name = Base; path = Base.lproj/LaunchScreen.storyboard; sourceTree = "<group>"; };
		271550F82AD58014006967C9 /* Info.plist */ = {isa = PBXFileReference; lastKnownFileType = text.plist.xml; path = Info.plist; sourceTree = "<group>"; };
		271551022AD5816B006967C9 /* CarMarketViewController.swift */ = {isa = PBXFileReference; lastKnownFileType = sourcecode.swift; path = CarMarketViewController.swift; sourceTree = "<group>"; };
		271551052AD581B9006967C9 /* CarMarketplaceView.swift */ = {isa = PBXFileReference; lastKnownFileType = sourcecode.swift; path = CarMarketplaceView.swift; sourceTree = "<group>"; };
		271551082AD58406006967C9 /* CarModel.swift */ = {isa = PBXFileReference; lastKnownFileType = sourcecode.swift; path = CarModel.swift; sourceTree = "<group>"; };
		2715510C2AD58D4A006967C9 /* CarsTableViewCell.swift */ = {isa = PBXFileReference; lastKnownFileType = sourcecode.swift; path = CarsTableViewCell.swift; sourceTree = "<group>"; };
		2715510E2AD5968F006967C9 /* CarDataSource.swift */ = {isa = PBXFileReference; lastKnownFileType = sourcecode.swift; path = CarDataSource.swift; sourceTree = "<group>"; };
		271551132AD5AA79006967C9 /* BasketViewController.swift */ = {isa = PBXFileReference; lastKnownFileType = sourcecode.swift; path = BasketViewController.swift; sourceTree = "<group>"; };
		271551152AD5AAD3006967C9 /* BasketView.swift */ = {isa = PBXFileReference; lastKnownFileType = sourcecode.swift; path = BasketView.swift; sourceTree = "<group>"; };
		271551182AD5B151006967C9 /* BasketHandler.swift */ = {isa = PBXFileReference; lastKnownFileType = sourcecode.swift; path = BasketHandler.swift; sourceTree = "<group>"; };
/* End PBXFileReference section */

/* Begin PBXFrameworksBuildPhase section */
		271550E42AD58013006967C9 /* Frameworks */ = {
			isa = PBXFrameworksBuildPhase;
			buildActionMask = 2147483647;
			files = (
			);
			runOnlyForDeploymentPostprocessing = 0;
		};
/* End PBXFrameworksBuildPhase section */

/* Begin PBXGroup section */
		271550DE2AD58013006967C9 = {
			isa = PBXGroup;
			children = (
				271550E92AD58013006967C9 /* CarMarketplace */,
				271550E82AD58013006967C9 /* Products */,
			);
			sourceTree = "<group>";
		};
		271550E82AD58013006967C9 /* Products */ = {
			isa = PBXGroup;
			children = (
				271550E72AD58013006967C9 /* CarMarketplace.app */,
			);
			name = Products;
			sourceTree = "<group>";
		};
		271550E92AD58013006967C9 /* CarMarketplace */ = {
			isa = PBXGroup;
			children = (
				271551042AD58177006967C9 /* Application */,
				271551102AD5AA23006967C9 /* BasketScreen */,
				271550FE2AD580FB006967C9 /* CarMarketplaceScreen */,
				271550F32AD58014006967C9 /* Assets.xcassets */,
				271550F52AD58014006967C9 /* LaunchScreen.storyboard */,
				271550F82AD58014006967C9 /* Info.plist */,
			);
			path = CarMarketplace;
			sourceTree = "<group>";
		};
		271550FE2AD580FB006967C9 /* CarMarketplaceScreen */ = {
			isa = PBXGroup;
			children = (
				2715510B2AD58D0F006967C9 /* TableViewCell */,
				271550FF2AD58110006967C9 /* View */,
				271551002AD58115006967C9 /* Controller */,
				271551012AD58122006967C9 /* Model */,
			);
			path = CarMarketplaceScreen;
			sourceTree = "<group>";
		};
		271550FF2AD58110006967C9 /* View */ = {
			isa = PBXGroup;
			children = (
				271551052AD581B9006967C9 /* CarMarketplaceView.swift */,
			);
			path = View;
			sourceTree = "<group>";
		};
		271551002AD58115006967C9 /* Controller */ = {
			isa = PBXGroup;
			children = (
				271551022AD5816B006967C9 /* CarMarketViewController.swift */,
			);
			path = Controller;
			sourceTree = "<group>";
		};
		271551012AD58122006967C9 /* Model */ = {
			isa = PBXGroup;
			children = (
				271551082AD58406006967C9 /* CarModel.swift */,
				2715510E2AD5968F006967C9 /* CarDataSource.swift */,
			);
			path = Model;
			sourceTree = "<group>";
		};
		271551042AD58177006967C9 /* Application */ = {
			isa = PBXGroup;
			children = (
				271550EA2AD58013006967C9 /* AppDelegate.swift */,
				271550EC2AD58013006967C9 /* SceneDelegate.swift */,
			);
			path = Application;
			sourceTree = "<group>";
		};
		2715510B2AD58D0F006967C9 /* TableViewCell */ = {
			isa = PBXGroup;
			children = (
				2715510C2AD58D4A006967C9 /* CarsTableViewCell.swift */,
			);
			path = TableViewCell;
			sourceTree = "<group>";
		};
		271551102AD5AA23006967C9 /* BasketScreen */ = {
			isa = PBXGroup;
			children = (
				271551172AD5B142006967C9 /* Model */,
				271551122AD5AA39006967C9 /* Controller */,
				271551112AD5AA35006967C9 /* View */,
			);
			path = BasketScreen;
			sourceTree = "<group>";
		};
		271551112AD5AA35006967C9 /* View */ = {
			isa = PBXGroup;
			children = (
				271551152AD5AAD3006967C9 /* BasketView.swift */,
			);
			path = View;
			sourceTree = "<group>";
		};
		271551122AD5AA39006967C9 /* Controller */ = {
			isa = PBXGroup;
			children = (
				271551132AD5AA79006967C9 /* BasketViewController.swift */,
			);
			path = Controller;
			sourceTree = "<group>";
		};
		271551172AD5B142006967C9 /* Model */ = {
			isa = PBXGroup;
			children = (
				271551182AD5B151006967C9 /* BasketHandler.swift */,
			);
			path = Model;
			sourceTree = "<group>";
		};
/* End PBXGroup section */

/* Begin PBXNativeTarget section */
		271550E62AD58013006967C9 /* CarMarketplace */ = {
			isa = PBXNativeTarget;
			buildConfigurationList = 271550FB2AD58014006967C9 /* Build configuration list for PBXNativeTarget "CarMarketplace" */;
			buildPhases = (
				271550E32AD58013006967C9 /* Sources */,
				271550E42AD58013006967C9 /* Frameworks */,
				271550E52AD58013006967C9 /* Resources */,
			);
			buildRules = (
			);
			dependencies = (
			);
			name = CarMarketplace;
			productName = CarMarketplace;
			productReference = 271550E72AD58013006967C9 /* CarMarketplace.app */;
			productType = "com.apple.product-type.application";
		};
/* End PBXNativeTarget section */

/* Begin PBXProject section */
		271550DF2AD58013006967C9 /* Project object */ = {
			isa = PBXProject;
			attributes = {
				BuildIndependentTargetsInParallel = 1;
				LastSwiftUpdateCheck = 1500;
				LastUpgradeCheck = 1500;
				TargetAttributes = {
					271550E62AD58013006967C9 = {
						CreatedOnToolsVersion = 15.0;
					};
				};
			};
			buildConfigurationList = 271550E22AD58013006967C9 /* Build configuration list for PBXProject "CarMarketplace" */;
			compatibilityVersion = "Xcode 14.0";
			developmentRegion = en;
			hasScannedForEncodings = 0;
			knownRegions = (
				en,
				Base,
			);
			mainGroup = 271550DE2AD58013006967C9;
			productRefGroup = 271550E82AD58013006967C9 /* Products */;
			projectDirPath = "";
			projectRoot = "";
			targets = (
				271550E62AD58013006967C9 /* CarMarketplace */,
			);
		};
/* End PBXProject section */

/* Begin PBXResourcesBuildPhase section */
		271550E52AD58013006967C9 /* Resources */ = {
			isa = PBXResourcesBuildPhase;
			buildActionMask = 2147483647;
			files = (
				271550F72AD58014006967C9 /* LaunchScreen.storyboard in Resources */,
				271550F42AD58014006967C9 /* Assets.xcassets in Resources */,
			);
			runOnlyForDeploymentPostprocessing = 0;
		};
/* End PBXResourcesBuildPhase section */

/* Begin PBXSourcesBuildPhase section */
		271550E32AD58013006967C9 /* Sources */ = {
			isa = PBXSourcesBuildPhase;
			buildActionMask = 2147483647;
			files = (
				271551192AD5B151006967C9 /* BasketHandler.swift in Sources */,
				271551162AD5AAD3006967C9 /* BasketView.swift in Sources */,
				271551032AD5816B006967C9 /* CarMarketViewController.swift in Sources */,
				2715510F2AD5968F006967C9 /* CarDataSource.swift in Sources */,
				271551092AD58406006967C9 /* CarModel.swift in Sources */,
				2715510D2AD58D4A006967C9 /* CarsTableViewCell.swift in Sources */,
				271551062AD581B9006967C9 /* CarMarketplaceView.swift in Sources */,
				271550EB2AD58013006967C9 /* AppDelegate.swift in Sources */,
				271551142AD5AA79006967C9 /* BasketViewController.swift in Sources */,
				271550ED2AD58013006967C9 /* SceneDelegate.swift in Sources */,
			);
			runOnlyForDeploymentPostprocessing = 0;
		};
/* End PBXSourcesBuildPhase section */

/* Begin PBXVariantGroup section */
		271550F52AD58014006967C9 /* LaunchScreen.storyboard */ = {
			isa = PBXVariantGroup;
			children = (
				271550F62AD58014006967C9 /* Base */,
			);
			name = LaunchScreen.storyboard;
			sourceTree = "<group>";
		};
/* End PBXVariantGroup section */

/* Begin XCBuildConfiguration section */
		271550F92AD58014006967C9 /* Debug */ = {
			isa = XCBuildConfiguration;
			buildSettings = {
				ALWAYS_SEARCH_USER_PATHS = NO;
				ASSETCATALOG_COMPILER_GENERATE_SWIFT_ASSET_SYMBOL_EXTENSIONS = YES;
				CLANG_ANALYZER_NONNULL = YES;
				CLANG_ANALYZER_NUMBER_OBJECT_CONVERSION = YES_AGGRESSIVE;
				CLANG_CXX_LANGUAGE_STANDARD = "gnu++20";
				CLANG_ENABLE_MODULES = YES;
				CLANG_ENABLE_OBJC_ARC = YES;
				CLANG_ENABLE_OBJC_WEAK = YES;
				CLANG_WARN_BLOCK_CAPTURE_AUTORELEASING = YES;
				CLANG_WARN_BOOL_CONVERSION = YES;
				CLANG_WARN_COMMA = YES;
				CLANG_WARN_CONSTANT_CONVERSION = YES;
				CLANG_WARN_DEPRECATED_OBJC_IMPLEMENTATIONS = YES;
				CLANG_WARN_DIRECT_OBJC_ISA_USAGE = YES_ERROR;
				CLANG_WARN_DOCUMENTATION_COMMENTS = YES;
				CLANG_WARN_EMPTY_BODY = YES;
				CLANG_WARN_ENUM_CONVERSION = YES;
				CLANG_WARN_INFINITE_RECURSION = YES;
				CLANG_WARN_INT_CONVERSION = YES;
				CLANG_WARN_NON_LITERAL_NULL_CONVERSION = YES;
				CLANG_WARN_OBJC_IMPLICIT_RETAIN_SELF = YES;
				CLANG_WARN_OBJC_LITERAL_CONVERSION = YES;
				CLANG_WARN_OBJC_ROOT_CLASS = YES_ERROR;
				CLANG_WARN_QUOTED_INCLUDE_IN_FRAMEWORK_HEADER = YES;
				CLANG_WARN_RANGE_LOOP_ANALYSIS = YES;
				CLANG_WARN_STRICT_PROTOTYPES = YES;
				CLANG_WARN_SUSPICIOUS_MOVE = YES;
				CLANG_WARN_UNGUARDED_AVAILABILITY = YES_AGGRESSIVE;
				CLANG_WARN_UNREACHABLE_CODE = YES;
				CLANG_WARN__DUPLICATE_METHOD_MATCH = YES;
				COPY_PHASE_STRIP = NO;
				DEBUG_INFORMATION_FORMAT = dwarf;
				ENABLE_STRICT_OBJC_MSGSEND = YES;
				ENABLE_TESTABILITY = YES;
				ENABLE_USER_SCRIPT_SANDBOXING = YES;
				GCC_C_LANGUAGE_STANDARD = gnu17;
				GCC_DYNAMIC_NO_PIC = NO;
				GCC_NO_COMMON_BLOCKS = YES;
				GCC_OPTIMIZATION_LEVEL = 0;
				GCC_PREPROCESSOR_DEFINITIONS = (
					"DEBUG=1",
					"$(inherited)",
				);
				GCC_WARN_64_TO_32_BIT_CONVERSION = YES;
				GCC_WARN_ABOUT_RETURN_TYPE = YES_ERROR;
				GCC_WARN_UNDECLARED_SELECTOR = YES;
				GCC_WARN_UNINITIALIZED_AUTOS = YES_AGGRESSIVE;
				GCC_WARN_UNUSED_FUNCTION = YES;
				GCC_WARN_UNUSED_VARIABLE = YES;
				IPHONEOS_DEPLOYMENT_TARGET = 17.0;
				LOCALIZATION_PREFERS_STRING_CATALOGS = YES;
				MTL_ENABLE_DEBUG_INFO = INCLUDE_SOURCE;
				MTL_FAST_MATH = YES;
				ONLY_ACTIVE_ARCH = YES;
				SDKROOT = iphoneos;
				SWIFT_ACTIVE_COMPILATION_CONDITIONS = "DEBUG $(inherited)";
				SWIFT_OPTIMIZATION_LEVEL = "-Onone";
			};
			name = Debug;
		};
		271550FA2AD58014006967C9 /* Release */ = {
			isa = XCBuildConfiguration;
			buildSettings = {
				ALWAYS_SEARCH_USER_PATHS = NO;
				ASSETCATALOG_COMPILER_GENERATE_SWIFT_ASSET_SYMBOL_EXTENSIONS = YES;
				CLANG_ANALYZER_NONNULL = YES;
				CLANG_ANALYZER_NUMBER_OBJECT_CONVERSION = YES_AGGRESSIVE;
				CLANG_CXX_LANGUAGE_STANDARD = "gnu++20";
				CLANG_ENABLE_MODULES = YES;
				CLANG_ENABLE_OBJC_ARC = YES;
				CLANG_ENABLE_OBJC_WEAK = YES;
				CLANG_WARN_BLOCK_CAPTURE_AUTORELEASING = YES;
				CLANG_WARN_BOOL_CONVERSION = YES;
				CLANG_WARN_COMMA = YES;
				CLANG_WARN_CONSTANT_CONVERSION = YES;
				CLANG_WARN_DEPRECATED_OBJC_IMPLEMENTATIONS = YES;
				CLANG_WARN_DIRECT_OBJC_ISA_USAGE = YES_ERROR;
				CLANG_WARN_DOCUMENTATION_COMMENTS = YES;
				CLANG_WARN_EMPTY_BODY = YES;
				CLANG_WARN_ENUM_CONVERSION = YES;
				CLANG_WARN_INFINITE_RECURSION = YES;
				CLANG_WARN_INT_CONVERSION = YES;
				CLANG_WARN_NON_LITERAL_NULL_CONVERSION = YES;
				CLANG_WARN_OBJC_IMPLICIT_RETAIN_SELF = YES;
				CLANG_WARN_OBJC_LITERAL_CONVERSION = YES;
				CLANG_WARN_OBJC_ROOT_CLASS = YES_ERROR;
				CLANG_WARN_QUOTED_INCLUDE_IN_FRAMEWORK_HEADER = YES;
				CLANG_WARN_RANGE_LOOP_ANALYSIS = YES;
				CLANG_WARN_STRICT_PROTOTYPES = YES;
				CLANG_WARN_SUSPICIOUS_MOVE = YES;
				CLANG_WARN_UNGUARDED_AVAILABILITY = YES_AGGRESSIVE;
				CLANG_WARN_UNREACHABLE_CODE = YES;
				CLANG_WARN__DUPLICATE_METHOD_MATCH = YES;
				COPY_PHASE_STRIP = NO;
				DEBUG_INFORMATION_FORMAT = "dwarf-with-dsym";
				ENABLE_NS_ASSERTIONS = NO;
				ENABLE_STRICT_OBJC_MSGSEND = YES;
				ENABLE_USER_SCRIPT_SANDBOXING = YES;
				GCC_C_LANGUAGE_STANDARD = gnu17;
				GCC_NO_COMMON_BLOCKS = YES;
				GCC_WARN_64_TO_32_BIT_CONVERSION = YES;
				GCC_WARN_ABOUT_RETURN_TYPE = YES_ERROR;
				GCC_WARN_UNDECLARED_SELECTOR = YES;
				GCC_WARN_UNINITIALIZED_AUTOS = YES_AGGRESSIVE;
				GCC_WARN_UNUSED_FUNCTION = YES;
				GCC_WARN_UNUSED_VARIABLE = YES;
				IPHONEOS_DEPLOYMENT_TARGET = 17.0;
				LOCALIZATION_PREFERS_STRING_CATALOGS = YES;
				MTL_ENABLE_DEBUG_INFO = NO;
				MTL_FAST_MATH = YES;
				SDKROOT = iphoneos;
				SWIFT_COMPILATION_MODE = wholemodule;
				VALIDATE_PRODUCT = YES;
			};
			name = Release;
		};
		271550FC2AD58014006967C9 /* Debug */ = {
			isa = XCBuildConfiguration;
			buildSettings = {
				ASSETCATALOG_COMPILER_APPICON_NAME = AppIcon;
				ASSETCATALOG_COMPILER_GLOBAL_ACCENT_COLOR_NAME = AccentColor;
				CODE_SIGN_STYLE = Automatic;
				CURRENT_PROJECT_VERSION = 1;
				DEVELOPMENT_TEAM = 6Z768ZM658;
				GENERATE_INFOPLIST_FILE = YES;
				INFOPLIST_FILE = CarMarketplace/Info.plist;
				INFOPLIST_KEY_UIApplicationSupportsIndirectInputEvents = YES;
				INFOPLIST_KEY_UILaunchStoryboardName = LaunchScreen;
				INFOPLIST_KEY_UISupportedInterfaceOrientations_iPad = "UIInterfaceOrientationPortrait UIInterfaceOrientationPortraitUpsideDown UIInterfaceOrientationLandscapeLeft UIInterfaceOrientationLandscapeRight";
				INFOPLIST_KEY_UISupportedInterfaceOrientations_iPhone = "UIInterfaceOrientationPortrait UIInterfaceOrientationLandscapeLeft UIInterfaceOrientationLandscapeRight";
				LD_RUNPATH_SEARCH_PATHS = (
					"$(inherited)",
					"@executable_path/Frameworks",
				);
				MARKETING_VERSION = 1.0;
				PRODUCT_BUNDLE_IDENTIFIER = com.CarMarketplace.kamil.CarMarketplace;
				PRODUCT_NAME = "$(TARGET_NAME)";
				SWIFT_EMIT_LOC_STRINGS = YES;
				SWIFT_VERSION = 5.0;
				TARGETED_DEVICE_FAMILY = "1,2";
			};
			name = Debug;
		};
		271550FD2AD58014006967C9 /* Release */ = {
			isa = XCBuildConfiguration;
			buildSettings = {
				ASSETCATALOG_COMPILER_APPICON_NAME = AppIcon;
				ASSETCATALOG_COMPILER_GLOBAL_ACCENT_COLOR_NAME = AccentColor;
				CODE_SIGN_STYLE = Automatic;
				CURRENT_PROJECT_VERSION = 1;
				DEVELOPMENT_TEAM = 6Z768ZM658;
				GENERATE_INFOPLIST_FILE = YES;
				INFOPLIST_FILE = CarMarketplace/Info.plist;
				INFOPLIST_KEY_UIApplicationSupportsIndirectInputEvents = YES;
				INFOPLIST_KEY_UILaunchStoryboardName = LaunchScreen;
				INFOPLIST_KEY_UISupportedInterfaceOrientations_iPad = "UIInterfaceOrientationPortrait UIInterfaceOrientationPortraitUpsideDown UIInterfaceOrientationLandscapeLeft UIInterfaceOrientationLandscapeRight";
				INFOPLIST_KEY_UISupportedInterfaceOrientations_iPhone = "UIInterfaceOrientationPortrait UIInterfaceOrientationLandscapeLeft UIInterfaceOrientationLandscapeRight";
				LD_RUNPATH_SEARCH_PATHS = (
					"$(inherited)",
					"@executable_path/Frameworks",
				);
				MARKETING_VERSION = 1.0;
				PRODUCT_BUNDLE_IDENTIFIER = com.CarMarketplace.kamil.CarMarketplace;
				PRODUCT_NAME = "$(TARGET_NAME)";
				SWIFT_EMIT_LOC_STRINGS = YES;
				SWIFT_VERSION = 5.0;
				TARGETED_DEVICE_FAMILY = "1,2";
			};
			name = Release;
		};
/* End XCBuildConfiguration section */

/* Begin XCConfigurationList section */
		271550E22AD58013006967C9 /* Build configuration list for PBXProject "CarMarketplace" */ = {
			isa = XCConfigurationList;
			buildConfigurations = (
				271550F92AD58014006967C9 /* Debug */,
				271550FA2AD58014006967C9 /* Release */,
			);
			defaultConfigurationIsVisible = 0;
			defaultConfigurationName = Release;
		};
		271550FB2AD58014006967C9 /* Build configuration list for PBXNativeTarget "CarMarketplace" */ = {
			isa = XCConfigurationList;
			buildConfigurations = (
				271550FC2AD58014006967C9 /* Debug */,
				271550FD2AD58014006967C9 /* Release */,
			);
			defaultConfigurationIsVisible = 0;
			defaultConfigurationName = Release;
		};
/* End XCConfigurationList section */
	};
	rootObject = 271550DF2AD58013006967C9 /* Project object */;
}
